Microsoft Visual Studio Solution File, Format Version 12.00
# Visual Studio Version 17
VisualStudioVersion = 17.5.2.0
MinimumVisualStudioVersion = 10.0.40219.1
Project("{FAE04EC0-301F-11D3-BF4B-00C04F79EFBC}") = "extensionApp", "extensionApp.csproj", "{652919CD-4CB1-DCA9-37C0-6A239532A503}"
EndProject
Global
	GlobalSection(SolutionConfigurationPlatforms) = preSolution
		Debug|Any CPU = Debug|Any CPU
		Release|Any CPU = Release|Any CPU
	EndGlobalSection
	GlobalSection(ProjectConfigurationPlatforms) = postSolution
		{652919CD-4CB1-DCA9-37C0-6A239532A503}.Debug|Any CPU.ActiveCfg = Debug|Any CPU
		{652919CD-4CB1-DCA9-37C0-6A239532A503}.Debug|Any CPU.Build.0 = Debug|Any CPU
		{652919CD-4CB1-DCA9-37C0-6A239532A503}.Release|Any CPU.ActiveCfg = Release|Any CPU
		{652919CD-4CB1-DCA9-37C0-6A239532A503}.Release|Any CPU.Build.0 = Release|Any CPU
	EndGlobalSection
	GlobalSection(SolutionProperties) = preSolution
		HideSolutionNode = FALSE
	EndGlobalSection
	GlobalSection(ExtensibilityGlobals) = postSolution
		SolutionGuid = {B603B201-47B4-4C09-A73A-975F3EC6C886}
	EndGlobalSection
EndGlobal
